
Microsoft Visual Studio Solution File, Format Version 12.00
# Visual Studio Version 16
VisualStudioVersion = 16.0.29001.49
MinimumVisualStudioVersion = 10.0.40219.1
Project("{FAE04EC0-301F-11D3-BF4B-00C04F79EFBC}") = "ScheduleManager", "ScheduleManager.csproj", "{98FE5111-642B-4086-8809-CC5DC2B20C22}"
EndProject
Global
	GlobalSection(SolutionConfigurationPlatforms) = preSolution
		Debug|Any CPU = Debug|Any CPU
		Release|Any CPU = Release|Any CPU
	EndGlobalSection
	GlobalSection(ProjectConfigurationPlatforms) = postSolution
		{98FE5111-642B-4086-8809-CC5DC2B20C22}.Debug|Any CPU.ActiveCfg = Debug|Any CPU
		{98FE5111-642B-4086-8809-CC5DC2B20C22}.Debug|Any CPU.Build.0 = Debug|Any CPU
		{98FE5111-642B-4086-8809-CC5DC2B20C22}.Release|Any CPU.ActiveCfg = Release|Any CPU
		{98FE5111-642B-4086-8809-CC5DC2B20C22}.Release|Any CPU.Build.0 = Release|Any CPU
	EndGlobalSection
	GlobalSection(SolutionProperties) = preSolution
		HideSolutionNode = FALSE
	EndGlobalSection
	GlobalSection(ExtensibilityGlobals) = postSolution
		SolutionGuid = {7DDC3788-9D69-412D-8CBF-4797B5A14FA2}
	EndGlobalSection
EndGlobal
